PODS:
  - abseil/algorithm (0.20200225.0):
    - abseil/algorithm/algorithm (= 0.20200225.0)
    - abseil/algorithm/container (= 0.20200225.0)
  - abseil/algorithm/algorithm (0.20200225.0):
    - abseil/base/config
  - abseil/algorithm/container (0.20200225.0):
    - abseil/algorithm/algorithm
    - abseil/base/core_headers
    - abseil/meta/type_traits
  - abseil/base (0.20200225.0):
    - abseil/base/atomic_hook (= 0.20200225.0)
    - abseil/base/base (= 0.20200225.0)
    - abseil/base/base_internal (= 0.20200225.0)
    - abseil/base/bits (= 0.20200225.0)
    - abseil/base/config (= 0.20200225.0)
    - abseil/base/core_headers (= 0.20200225.0)
    - abseil/base/dynamic_annotations (= 0.20200225.0)
    - abseil/base/endian (= 0.20200225.0)
    - abseil/base/errno_saver (= 0.20200225.0)
    - abseil/base/exponential_biased (= 0.20200225.0)
    - abseil/base/log_severity (= 0.20200225.0)
    - abseil/base/malloc_internal (= 0.20200225.0)
    - abseil/base/periodic_sampler (= 0.20200225.0)
    - abseil/base/pretty_function (= 0.20200225.0)
    - abseil/base/raw_logging_internal (= 0.20200225.0)
    - abseil/base/spinlock_wait (= 0.20200225.0)
    - abseil/base/throw_delegate (= 0.20200225.0)
  - abseil/base/atomic_hook (0.20200225.0):
    - abseil/base/config
    - abseil/base/core_headers
  - abseil/base/base (0.20200225.0):
    - abseil/base/atomic_hook
    - abseil/base/base_internal
    - abseil/base/config
    - abseil/base/core_headers
    - abseil/base/dynamic_annotations
    - abseil/base/log_severity
    - abseil/base/raw_logging_internal
    - abseil/base/spinlock_wait
    - abseil/meta/type_traits
  - abseil/base/base_internal (0.20200225.0):
    - abseil/base/config
    - abseil/meta/type_traits
  - abseil/base/bits (0.20200225.0):
    - abseil/base/config
    - abseil/base/core_headers
  - abseil/base/config (0.20200225.0)
  - abseil/base/core_headers (0.20200225.0):
    - abseil/base/config
  - abseil/base/dynamic_annotations (0.20200225.0)
  - abseil/base/endian (0.20200225.0):
    - abseil/base/config
    - abseil/base/core_headers
  - abseil/base/errno_saver (0.20200225.0):
    - abseil/base/config
  - abseil/base/exponential_biased (0.20200225.0):
    - abseil/base/config
    - abseil/base/core_headers
  - abseil/base/log_severity (0.20200225.0):
    - abseil/base/config
    - abseil/base/core_headers
  - abseil/base/malloc_internal (0.20200225.0):
    - abseil/base/base
    - abseil/base/base_internal
    - abseil/base/config
    - abseil/base/core_headers
    - abseil/base/dynamic_annotations
    - abseil/base/raw_logging_internal
  - abseil/base/periodic_sampler (0.20200225.0):
    - abseil/base/core_headers
    - abseil/base/exponential_biased
  - abseil/base/pretty_function (0.20200225.0)
  - abseil/base/raw_logging_internal (0.20200225.0):
    - abseil/base/atomic_hook
    - abseil/base/config
    - abseil/base/core_headers
    - abseil/base/log_severity
  - abseil/base/spinlock_wait (0.20200225.0):
    - abseil/base/base_internal
    - abseil/base/core_headers
    - abseil/base/errno_saver
  - abseil/base/throw_delegate (0.20200225.0):
    - abseil/base/config
    - abseil/base/raw_logging_internal
  - abseil/container/common (0.20200225.0):
    - abseil/meta/type_traits
    - abseil/types/optional
  - abseil/container/compressed_tuple (0.20200225.0):
    - abseil/utility/utility
  - abseil/container/container_memory (0.20200225.0):
    - abseil/memory/memory
    - abseil/utility/utility
  - abseil/container/fixed_array (0.20200225.0):
    - abseil/algorithm/algorithm
    - abseil/base/core_headers
    - abseil/base/dynamic_annotations
    - abseil/base/throw_delegate
    - abseil/container/compressed_tuple
    - abseil/memory/memory
  - abseil/container/flat_hash_map (0.20200225.0):
    - abseil/algorithm/container
    - abseil/container/container_memory
    - abseil/container/hash_function_defaults
    - abseil/container/raw_hash_map
    - abseil/memory/memory
  - abseil/container/hash_function_defaults (0.20200225.0):
    - abseil/base/config
    - abseil/hash/hash
    - abseil/strings/strings
  - abseil/container/hash_policy_traits (0.20200225.0):
    - abseil/meta/type_traits
  - abseil/container/hashtable_debug_hooks (0.20200225.0):
    - abseil/base/config
  - abseil/container/hashtablez_sampler (0.20200225.0):
    - abseil/base/base
    - abseil/base/core_headers
    - abseil/base/exponential_biased
    - abseil/container/have_sse
    - abseil/debugging/stacktrace
    - abseil/memory/memory
    - abseil/synchronization/synchronization
    - abseil/utility/utility
  - abseil/container/have_sse (0.20200225.0)
  - abseil/container/inlined_vector (0.20200225.0):
    - abseil/algorithm/algorithm
    - abseil/base/core_headers
    - abseil/base/throw_delegate
    - abseil/container/inlined_vector_internal
    - abseil/memory/memory
  - abseil/container/inlined_vector_internal (0.20200225.0):
    - abseil/base/core_headers
    - abseil/container/compressed_tuple
    - abseil/memory/memory
    - abseil/meta/type_traits
    - abseil/types/span
  - abseil/container/layout (0.20200225.0):
    - abseil/base/core_headers
    - abseil/meta/type_traits
    - abseil/strings/strings
    - abseil/types/span
    - abseil/utility/utility
  - abseil/container/raw_hash_map (0.20200225.0):
    - abseil/base/throw_delegate
    - abseil/container/container_memory
    - abseil/container/raw_hash_set
  - abseil/container/raw_hash_set (0.20200225.0):
    - abseil/base/bits
    - abseil/base/config
    - abseil/base/core_headers
    - abseil/base/endian
    - abseil/container/common
    - abseil/container/compressed_tuple
    - abseil/container/container_memory
    - abseil/container/hash_policy_traits
    - abseil/container/hashtable_debug_hooks
    - abseil/container/hashtablez_sampler
    - abseil/container/have_sse
    - abseil/container/layout
    - abseil/memory/memory
    - abseil/meta/type_traits
    - abseil/utility/utility
  - abseil/debugging/debugging_internal (0.20200225.0):
    - abseil/base/config
    - abseil/base/core_headers
    - abseil/base/dynamic_annotations
    - abseil/base/errno_saver
    - abseil/base/raw_logging_internal
  - abseil/debugging/demangle_internal (0.20200225.0):
    - abseil/base/base
    - abseil/base/config
    - abseil/base/core_headers
  - abseil/debugging/stacktrace (0.20200225.0):
    - abseil/base/config
    - abseil/base/core_headers
    - abseil/debugging/debugging_internal
  - abseil/debugging/symbolize (0.20200225.0):
    - abseil/base/base
    - abseil/base/config
    - abseil/base/core_headers
    - abseil/base/dynamic_annotations
    - abseil/base/malloc_internal
    - abseil/base/raw_logging_internal
    - abseil/debugging/debugging_internal
    - abseil/debugging/demangle_internal
  - abseil/hash/city (0.20200225.0):
    - abseil/base/config
    - abseil/base/core_headers
    - abseil/base/endian
  - abseil/hash/hash (0.20200225.0):
    - abseil/base/core_headers
    - abseil/base/endian
    - abseil/container/fixed_array
    - abseil/hash/city
    - abseil/meta/type_traits
    - abseil/numeric/int128
    - abseil/strings/strings
    - abseil/types/optional
    - abseil/types/variant
    - abseil/utility/utility
  - abseil/memory (0.20200225.0):
    - abseil/memory/memory (= 0.20200225.0)
  - abseil/memory/memory (0.20200225.0):
    - abseil/base/core_headers
    - abseil/meta/type_traits
  - abseil/meta (0.20200225.0):
    - abseil/meta/type_traits (= 0.20200225.0)
  - abseil/meta/type_traits (0.20200225.0):
    - abseil/base/config
  - abseil/numeric/int128 (0.20200225.0):
    - abseil/base/config
    - abseil/base/core_headers
  - abseil/strings/internal (0.20200225.0):
    - abseil/base/config
    - abseil/base/core_headers
    - abseil/base/endian
    - abseil/base/raw_logging_internal
    - abseil/meta/type_traits
  - abseil/strings/str_format (0.20200225.0):
    - abseil/strings/str_format_internal
  - abseil/strings/str_format_internal (0.20200225.0):
    - abseil/base/config
    - abseil/base/core_headers
    - abseil/meta/type_traits
    - abseil/numeric/int128
    - abseil/strings/strings
    - abseil/types/span
  - abseil/strings/strings (0.20200225.0):
    - abseil/base/base
    - abseil/base/bits
    - abseil/base/config
    - abseil/base/core_headers
    - abseil/base/endian
    - abseil/base/raw_logging_internal
    - abseil/base/throw_delegate
    - abseil/memory/memory
    - abseil/meta/type_traits
    - abseil/numeric/int128
    - abseil/strings/internal
  - abseil/synchronization/graphcycles_internal (0.20200225.0):
    - abseil/base/base
    - abseil/base/base_internal
    - abseil/base/config
    - abseil/base/core_headers
    - abseil/base/malloc_internal
    - abseil/base/raw_logging_internal
  - abseil/synchronization/kernel_timeout_internal (0.20200225.0):
    - abseil/base/core_headers
    - abseil/base/raw_logging_internal
    - abseil/time/time
  - abseil/synchronization/synchronization (0.20200225.0):
    - abseil/base/atomic_hook
    - abseil/base/base
    - abseil/base/base_internal
    - abseil/base/config
    - abseil/base/core_headers
    - abseil/base/dynamic_annotations
    - abseil/base/malloc_internal
    - abseil/base/raw_logging_internal
    - abseil/debugging/stacktrace
    - abseil/debugging/symbolize
    - abseil/synchronization/graphcycles_internal
    - abseil/synchronization/kernel_timeout_internal
    - abseil/time/time
  - abseil/time (0.20200225.0):
    - abseil/time/internal (= 0.20200225.0)
    - abseil/time/time (= 0.20200225.0)
  - abseil/time/internal (0.20200225.0):
    - abseil/time/internal/cctz (= 0.20200225.0)
  - abseil/time/internal/cctz (0.20200225.0):
    - abseil/time/internal/cctz/civil_time (= 0.20200225.0)
    - abseil/time/internal/cctz/time_zone (= 0.20200225.0)
  - abseil/time/internal/cctz/civil_time (0.20200225.0):
    - abseil/base/config
  - abseil/time/internal/cctz/time_zone (0.20200225.0):
    - abseil/base/config
    - abseil/time/internal/cctz/civil_time
  - abseil/time/time (0.20200225.0):
    - abseil/base/base
    - abseil/base/core_headers
    - abseil/base/raw_logging_internal
    - abseil/numeric/int128
    - abseil/strings/strings
    - abseil/time/internal/cctz/civil_time
    - abseil/time/internal/cctz/time_zone
  - abseil/types (0.20200225.0):
    - abseil/types/any (= 0.20200225.0)
    - abseil/types/bad_any_cast (= 0.20200225.0)
    - abseil/types/bad_any_cast_impl (= 0.20200225.0)
    - abseil/types/bad_optional_access (= 0.20200225.0)
    - abseil/types/bad_variant_access (= 0.20200225.0)
    - abseil/types/compare (= 0.20200225.0)
    - abseil/types/optional (= 0.20200225.0)
    - abseil/types/span (= 0.20200225.0)
    - abseil/types/variant (= 0.20200225.0)
  - abseil/types/any (0.20200225.0):
    - abseil/base/config
    - abseil/base/core_headers
    - abseil/meta/type_traits
    - abseil/types/bad_any_cast
    - abseil/utility/utility
  - abseil/types/bad_any_cast (0.20200225.0):
    - abseil/base/config
    - abseil/types/bad_any_cast_impl
  - abseil/types/bad_any_cast_impl (0.20200225.0):
    - abseil/base/config
    - abseil/base/raw_logging_internal
  - abseil/types/bad_optional_access (0.20200225.0):
    - abseil/base/config
    - abseil/base/raw_logging_internal
  - abseil/types/bad_variant_access (0.20200225.0):
    - abseil/base/config
    - abseil/base/raw_logging_internal
  - abseil/types/compare (0.20200225.0):
    - abseil/base/core_headers
    - abseil/meta/type_traits
  - abseil/types/optional (0.20200225.0):
    - abseil/base/base_internal
    - abseil/base/config
    - abseil/base/core_headers
    - abseil/memory/memory
    - abseil/meta/type_traits
    - abseil/types/bad_optional_access
    - abseil/utility/utility
  - abseil/types/span (0.20200225.0):
    - abseil/algorithm/algorithm
    - abseil/base/core_headers
    - abseil/base/throw_delegate
    - abseil/meta/type_traits
  - abseil/types/variant (0.20200225.0):
    - abseil/base/base_internal
    - abseil/base/config
    - abseil/base/core_headers
    - abseil/meta/type_traits
    - abseil/types/bad_variant_access
    - abseil/utility/utility
  - abseil/utility/utility (0.20200225.0):
    - abseil/base/base_internal
    - abseil/base/config
    - abseil/meta/type_traits
  - Action (5.0.0):
    - RxCocoa (~> 6.0)
    - RxSwift (~> 6.0)
  - Alamofire (5.5.0)
  - AppAuth (1.4.0):
    - AppAuth/Core (= 1.4.0)
    - AppAuth/ExternalUserAgent (= 1.4.0)
  - AppAuth/Core (1.4.0)
  - AppAuth/ExternalUserAgent (1.4.0)
  - BoringSSL-GRPC (0.0.7):
    - BoringSSL-GRPC/Implementation (= 0.0.7)
    - BoringSSL-GRPC/Interface (= 0.0.7)
  - BoringSSL-GRPC/Implementation (0.0.7):
    - BoringSSL-GRPC/Interface (= 0.0.7)
  - BoringSSL-GRPC/Interface (0.0.7)
  - DifferenceKit (1.2.0):
    - DifferenceKit/Core (= 1.2.0)
    - DifferenceKit/UIKitExtension (= 1.2.0)
  - DifferenceKit/Core (1.2.0)
  - DifferenceKit/UIKitExtension (1.2.0):
    - DifferenceKit/Core
  - Differentiator (5.0.0)
  - FBAEMKit (13.0.0):
    - FBSDKCoreKit_Basics (= 13.0.0)
  - FBSDKCoreKit (13.0.0):
    - FBAEMKit (= 13.0.0)
    - FBSDKCoreKit_Basics (= 13.0.0)
  - FBSDKCoreKit_Basics (13.0.0)
  - FBSDKLoginKit (13.0.0):
    - FBSDKCoreKit (= 13.0.0)
  - Firebase/Analytics (8.12.1):
    - Firebase/Core
  - Firebase/Auth (8.12.1):
    - Firebase/CoreOnly
    - FirebaseAuth (~> 8.12.0)
  - Firebase/Core (8.12.1):
    - Firebase/CoreOnly
    - FirebaseAnalytics (~> 8.12.0)
  - Firebase/CoreOnly (8.12.1):
    - FirebaseCore (= 8.12.1)
  - Firebase/DynamicLinks (8.12.1):
    - Firebase/CoreOnly
    - FirebaseDynamicLinks (~> 8.12.0)
  - Firebase/Firestore (8.12.1):
    - Firebase/CoreOnly
    - FirebaseFirestore (~> 8.12.1)
  - Firebase/Storage (8.12.1):
    - Firebase/CoreOnly
    - FirebaseStorage (~> 8.12.0)
  - FirebaseAnalytics (8.12.0):
    - FirebaseAnalytics/AdIdSupport (= 8.12.0)
    - FirebaseCore (~> 8.0)
    - FirebaseInstallations (~> 8.0)
    - GoogleUtilities/AppDelegateSwizzler (~> 7.7)
    - GoogleUtilities/MethodSwizzler (~> 7.7)
    - GoogleUtilities/Network (~> 7.7)
    - "GoogleUtilities/NSData+zlib (~> 7.7)"
    - nanopb (~> 2.30908.0)
  - FirebaseAnalytics/AdIdSupport (8.12.0):
    - FirebaseCore (~> 8.0)
    - FirebaseInstallations (~> 8.0)
    - GoogleAppMeasurement (= 8.12.0)
    - GoogleUtilities/AppDelegateSwizzler (~> 7.7)
    - GoogleUtilities/MethodSwizzler (~> 7.7)
    - GoogleUtilities/Network (~> 7.7)
    - "GoogleUtilities/NSData+zlib (~> 7.7)"
    - nanopb (~> 2.30908.0)
  - FirebaseAuth (8.12.0):
    - FirebaseCore (~> 8.0)
    - GoogleUtilities/AppDelegateSwizzler (~> 7.7)
    - GoogleUtilities/Environment (~> 7.7)
    - GTMSessionFetcher/Core (~> 1.5)
  - FirebaseCore (8.12.1):
    - FirebaseCoreDiagnostics (~> 8.0)
    - GoogleUtilities/Environment (~> 7.7)
    - GoogleUtilities/Logger (~> 7.7)
  - FirebaseCoreDiagnostics (8.12.0):
    - GoogleDataTransport (~> 9.1)
    - GoogleUtilities/Environment (~> 7.7)
    - GoogleUtilities/Logger (~> 7.7)
    - nanopb (~> 2.30908.0)
  - FirebaseDynamicLinks (8.12.0):
    - FirebaseCore (~> 8.0)
  - FirebaseFirestore (8.12.1):
    - abseil/algorithm (= 0.20200225.0)
    - abseil/base (= 0.20200225.0)
    - abseil/container/flat_hash_map (= 0.20200225.0)
    - abseil/memory (= 0.20200225.0)
    - abseil/meta (= 0.20200225.0)
    - abseil/strings/strings (= 0.20200225.0)
    - abseil/time (= 0.20200225.0)
    - abseil/types (= 0.20200225.0)
    - FirebaseCore (~> 8.0)
    - "gRPC-C++ (~> 1.28.0)"
    - leveldb-library (~> 1.22)
    - nanopb (~> 2.30908.0)
  - FirebaseInstallations (8.12.0):
    - FirebaseCore (~> 8.0)
    - GoogleUtilities/Environment (~> 7.7)
    - GoogleUtilities/UserDefaults (~> 7.7)
    - PromisesObjC (< 3.0, >= 1.2)
  - FirebaseStorage (8.12.0):
    - FirebaseCore (~> 8.0)
    - GTMSessionFetcher/Core (~> 1.5)
  - GoogleAPIClientForREST/Core (1.6.0):
    - GTMSessionFetcher (>= 1.6.1)
  - GoogleAPIClientForREST/Drive (1.6.0):
    - GoogleAPIClientForREST/Core
    - GTMSessionFetcher (>= 1.6.1)
  - GoogleAPIClientForREST/Sheets (1.6.0):
    - GoogleAPIClientForREST/Core
    - GTMSessionFetcher (>= 1.6.1)
  - GoogleAppMeasurement (8.12.0):
    - GoogleAppMeasurement/AdIdSupport (= 8.12.0)
    - GoogleUtilities/AppDelegateSwizzler (~> 7.7)
    - GoogleUtilities/MethodSwizzler (~> 7.7)
    - GoogleUtilities/Network (~> 7.7)
    - "GoogleUtilities/NSData+zlib (~> 7.7)"
    - nanopb (~> 2.30908.0)
  - GoogleAppMeasurement/AdIdSupport (8.12.0):
    - GoogleAppMeasurement/WithoutAdIdSupport (= 8.12.0)
    - GoogleUtilities/AppDelegateSwizzler (~> 7.7)
    - GoogleUtilities/MethodSwizzler (~> 7.7)
    - GoogleUtilities/Network (~> 7.7)
    - "GoogleUtilities/NSData+zlib (~> 7.7)"
    - nanopb (~> 2.30908.0)
  - GoogleAppMeasurement/WithoutAdIdSupport (8.12.0):
    - GoogleUtilities/AppDelegateSwizzler (~> 7.7)
    - GoogleUtilities/MethodSwizzler (~> 7.7)
    - GoogleUtilities/Network (~> 7.7)
    - "GoogleUtilities/NSData+zlib (~> 7.7)"
    - nanopb (~> 2.30908.0)
  - GoogleDataTransport (9.1.2):
    - GoogleUtilities/Environment (~> 7.2)
    - nanopb (~> 2.30908.0)
    - PromisesObjC (< 3.0, >= 1.2)
  - GoogleMLKit/ImageLabeling (2.3.0):
    - GoogleMLKit/MLKitCore
    - MLKitImageLabeling (~> 1.3.0)
  - GoogleMLKit/MLKitCore (2.3.0):
    - MLKitCommon (~> 3.1.0)
  - GoogleSignIn (6.1.0):
    - AppAuth (~> 1.4)
    - GTMAppAuth (~> 1.0)
    - GTMSessionFetcher/Core (~> 1.1)
  - GoogleToolboxForMac/DebugUtils (2.3.2):
    - GoogleToolboxForMac/Defines (= 2.3.2)
  - GoogleToolboxForMac/Defines (2.3.2)
  - GoogleToolboxForMac/Logger (2.3.2):
    - GoogleToolboxForMac/Defines (= 2.3.2)
  - "GoogleToolboxForMac/NSData+zlib (2.3.2)":
    - GoogleToolboxForMac/Defines (= 2.3.2)
  - "GoogleToolboxForMac/NSDictionary+URLArguments (2.3.2)":
    - GoogleToolboxForMac/DebugUtils (= 2.3.2)
    - GoogleToolboxForMac/Defines (= 2.3.2)
    - "GoogleToolboxForMac/NSString+URLArguments (= 2.3.2)"
  - "GoogleToolboxForMac/NSString+URLArguments (2.3.2)"
  - GoogleUtilities/AppDelegateSwizzler (7.7.0):
    - GoogleUtilities/Environment
    - GoogleUtilities/Logger
    - GoogleUtilities/Network
  - GoogleUtilities/Environment (7.7.0):
    - PromisesObjC (< 3.0, >= 1.2)
  - GoogleUtilities/Logger (7.7.0):
    - GoogleUtilities/Environment
  - GoogleUtilities/MethodSwizzler (7.7.0):
    - GoogleUtilities/Logger
  - GoogleUtilities/Network (7.7.0):
    - GoogleUtilities/Logger
    - "GoogleUtilities/NSData+zlib"
    - GoogleUtilities/Reachability
  - "GoogleUtilities/NSData+zlib (7.7.0)"
  - GoogleUtilities/Reachability (7.7.0):
    - GoogleUtilities/Logger
  - GoogleUtilities/UserDefaults (7.7.0):
    - GoogleUtilities/Logger
  - GoogleUtilitiesComponents (1.1.0):
    - GoogleUtilities/Logger
  - "gRPC-C++ (1.28.2)":
    - "gRPC-C++/Implementation (= 1.28.2)"
    - "gRPC-C++/Interface (= 1.28.2)"
  - "gRPC-C++/Implementation (1.28.2)":
    - abseil/container/inlined_vector (= 0.20200225.0)
    - abseil/memory/memory (= 0.20200225.0)
    - abseil/strings/str_format (= 0.20200225.0)
    - abseil/strings/strings (= 0.20200225.0)
    - abseil/types/optional (= 0.20200225.0)
    - "gRPC-C++/Interface (= 1.28.2)"
    - gRPC-Core (= 1.28.2)
  - "gRPC-C++/Interface (1.28.2)"
  - gRPC-Core (1.28.2):
    - gRPC-Core/Implementation (= 1.28.2)
    - gRPC-Core/Interface (= 1.28.2)
  - gRPC-Core/Implementation (1.28.2):
    - abseil/container/inlined_vector (= 0.20200225.0)
    - abseil/memory/memory (= 0.20200225.0)
    - abseil/strings/str_format (= 0.20200225.0)
    - abseil/strings/strings (= 0.20200225.0)
    - abseil/types/optional (= 0.20200225.0)
    - BoringSSL-GRPC (= 0.0.7)
    - gRPC-Core/Interface (= 1.28.2)
  - gRPC-Core/Interface (1.28.2)
  - GTMAppAuth (1.2.2):
    - AppAuth/Core (~> 1.4)
    - GTMSessionFetcher/Core (~> 1.5)
  - GTMSessionFetcher (1.7.0):
    - GTMSessionFetcher/Full (= 1.7.0)
  - GTMSessionFetcher/Core (1.7.0)
  - GTMSessionFetcher/Full (1.7.0):
    - GTMSessionFetcher/Core (= 1.7.0)
  - Kingfisher (7.2.0)
  - leveldb-library (1.22.1)
  - lottie-ios (3.3.0)
  - MLImage (1.0.0-beta1)
  - MLKitCommon (3.1.0):
    - GoogleDataTransport (~> 9.0)
    - GoogleToolboxForMac/Logger (~> 2.1)
    - "GoogleToolboxForMac/NSData+zlib (~> 2.1)"
    - "GoogleToolboxForMac/NSDictionary+URLArguments (~> 2.1)"
    - GoogleUtilities/UserDefaults (~> 7.0)
    - GoogleUtilitiesComponents (~> 1.0)
    - GTMSessionFetcher/Core (~> 1.1)
    - Protobuf (~> 3.12)
  - MLKitImageLabeling (1.3.0):
    - MLKitCommon (~> 3.0)
    - MLKitImageLabelingCommon (~> 1.3)
    - MLKitVision (~> 1.3)
    - MLKitVisionKit (~> 2.2)
  - MLKitImageLabelingCommon (1.3.0):
    - MLKitCommon (~> 3.0)
    - MLKitVision (~> 1.3)
  - MLKitObjectDetectionCommon (1.3.0):
    - MLKitCommon (~> 3.0)
    - MLKitVision (~> 1.3)
  - MLKitVision (1.3.0):
    - GoogleToolboxForMac/Logger (~> 2.1)
    - "GoogleToolboxForMac/NSData+zlib (~> 2.1)"
    - GTMSessionFetcher/Core (~> 1.1)
    - MLImage (= 1.0.0-beta1)
    - MLKitCommon (~> 3.0)
    - Protobuf (~> 3.12)
  - MLKitVisionKit (2.2.0):
    - MLKitCommon (~> 3.0)
    - MLKitImageLabelingCommon (~> 1.3)
    - MLKitObjectDetectionCommon (~> 1.3)
    - MLKitVision (~> 1.3)
  - nanopb (2.30908.0):
    - nanopb/decode (= 2.30908.0)
    - nanopb/encode (= 2.30908.0)
  - nanopb/decode (2.30908.0)
  - nanopb/encode (2.30908.0)
  - PromisesObjC (2.0.0)
  - Protobuf (3.19.4)
  - PryntTrimmerView (4.0.2)
  - RSKImageCropper (3.0.2)
  - RxBlocking (6.5.0):
    - RxSwift (= 6.5.0)
  - RxCocoa (6.5.0):
    - RxRelay (= 6.5.0)
    - RxSwift (= 6.5.0)
  - RxDataSources (5.0.0):
    - Differentiator (~> 5.0)
    - RxCocoa (~> 6.0)
    - RxSwift (~> 6.0)
  - RxRelay (6.5.0):
    - RxSwift (= 6.5.0)
  - RxSwift (6.5.0)
  - RxTimelane (3.0.2):
    - RxSwift (~> 6.0)
    - TimelaneCore (~> 2.0)
  - SCLAlertView (0.8)
  - SkeletonView (1.29.2)
  - SwiftMessages (9.0.6):
    - SwiftMessages/App (= 9.0.6)
  - SwiftMessages/App (9.0.6)
  - SwiftyJSON (5.0.1)
  - TimelaneCore (2.0.0)

DEPENDENCIES:
  - Action
  - Alamofire
  - DifferenceKit
  - FBSDKCoreKit
  - FBSDKLoginKit
  - Firebase/Analytics
  - Firebase/Auth
  - Firebase/Core
  - Firebase/DynamicLinks
  - Firebase/Firestore
  - Firebase/Storage
  - GoogleAPIClientForREST/Drive
  - GoogleAPIClientForREST/Sheets
  - GoogleMLKit/ImageLabeling (= 2.3.0)
  - GoogleSignIn
  - Kingfisher
  - lottie-ios
  - PryntTrimmerView
  - RSKImageCropper
  - RxBlocking
  - RxCocoa
  - RxDataSources
  - RxSwift
  - RxTimelane
  - SCLAlertView
  - SkeletonView
  - SwiftMessages
  - SwiftyJSON

SPEC REPOS:
  trunk:
    - abseil
    - Action
    - Alamofire
    - AppAuth
    - BoringSSL-GRPC
    - DifferenceKit
    - Differentiator
    - FBAEMKit
    - FBSDKCoreKit
    - FBSDKCoreKit_Basics
    - FBSDKLoginKit
    - Firebase
    - FirebaseAnalytics
    - FirebaseAuth
    - FirebaseCore
    - FirebaseCoreDiagnostics
    - FirebaseDynamicLinks
    - FirebaseFirestore
    - FirebaseInstallations
    - FirebaseStorage
    - GoogleAPIClientForREST
    - GoogleAppMeasurement
    - GoogleDataTransport
    - GoogleMLKit
    - GoogleSignIn
    - GoogleToolboxForMac
    - GoogleUtilities
    - GoogleUtilitiesComponents
    - "gRPC-C++"
    - gRPC-Core
    - GTMAppAuth
    - GTMSessionFetcher
    - Kingfisher
    - leveldb-library
    - lottie-ios
    - MLImage
    - MLKitCommon
    - MLKitImageLabeling
    - MLKitImageLabelingCommon
    - MLKitObjectDetectionCommon
    - MLKitVision
    - MLKitVisionKit
    - nanopb
    - PromisesObjC
    - Protobuf
    - PryntTrimmerView
    - RSKImageCropper
    - RxBlocking
    - RxCocoa
    - RxDataSources
    - RxRelay
    - RxSwift
    - RxTimelane
    - SCLAlertView
    - SkeletonView
    - SwiftMessages
    - SwiftyJSON
    - TimelaneCore

SPEC CHECKSUMS:
  abseil: 6c8eb7892aefa08d929b39f9bb108e5367e3228f
  Action: 47f1825511907b4fcd79dd7a7db9526c20f78018
  Alamofire: 1c4fb5369c3fe93d2857c780d8bbe09f06f97e7c
  AppAuth: 31bcec809a638d7bd2f86ea8a52bd45f6e81e7c7
  BoringSSL-GRPC: 8edf627ee524575e2f8d19d56f068b448eea3879
  DifferenceKit: 5659c430bb7fe45876fa32ce5cba5d6167f0c805
  Differentiator: e8497ceab83c1b10ca233716d547b9af21b9344d
  FBAEMKit: 11a0bcdc7a88e26ed764bcf56372afc6cbbbdcd9
  FBSDKCoreKit: 00e1e751257e1005304fa29cb683d2dfe008f41a
  FBSDKCoreKit_Basics: 96ec2ddb67a032e54f0754ea3d59db6f84f42389
  FBSDKLoginKit: 66ff4ddf372d9c3fc360e65ae048a47a482c29b9
  Firebase: 580d09e8edafc3073ebf09c03fd42e4d80d35fe9
  FirebaseAnalytics: bd10d7706ba8d6e01ea2816f8fe9e9b881cb0918
  FirebaseAuth: 5250d7bdba35e57cc34ec7ddc525f82b2757f2a0
  FirebaseCore: 8138de860a90ca7eec5e324da5788fb0ebf1d93c
  FirebaseCoreDiagnostics: 3b40dfadef5b90433a60ae01f01e90fe87aa76aa
  FirebaseDynamicLinks: 98a5f0fe542245a89ec55f646d2581298c29219d
  FirebaseFirestore: dfeb58916ee3ae0ef2453d4849a683672705920c
  FirebaseInstallations: 25764cf322e77f99449395870a65b2bef88e1545
  FirebaseStorage: 4b75458c35d8b728e4c1fc1371942997456ab299
  GoogleAPIClientForREST: 5183df28e7bcb7b7b41ebd558e16083cfed60d99
  GoogleAppMeasurement: ae033c3aad67e68294369373056b4d74cc8ae0d6
  GoogleDataTransport: 629c20a4d363167143f30ea78320d5a7eb8bd940
  GoogleMLKit: 53d5adbee0fe5a701e970f1387d2cfececd5bc50
  GoogleSignIn: c90b5bec45e780f54c6a8e1e3c182a86e3dda69d
  GoogleToolboxForMac: 8bef7c7c5cf7291c687cf5354f39f9db6399ad34
  GoogleUtilities: e0913149f6b0625b553d70dae12b49fc62914fd1
  GoogleUtilitiesComponents: 679b2c881db3b615a2777504623df6122dd20afe
  "gRPC-C++": 13d8ccef97d5c3c441b7e3c529ef28ebee86fad2
  gRPC-Core: 4afa11bfbedf7cdecd04de535a9e046893404ed5
  GTMAppAuth: ad5c2b70b9a8689e1a04033c9369c4915bfcbe89
  GTMSessionFetcher: 43748f93435c2aa068b1cbe39655aaf600652e91
  Kingfisher: 3ac0b75b155cabc0e544877d1a4deea29feece92
  leveldb-library: 50c7b45cbd7bf543c81a468fe557a16ae3db8729
  lottie-ios: 6ac74dcc09904798f59b18cb3075c089d76be9ae
  MLImage: 647f3d580c10b3c9a3f6154f5d7baead60c42a0c
  MLKitCommon: 1b5c79d52f79d9cc93ab5300e9713c4c215121ea
  MLKitImageLabeling: fc44a4f90b1cf16bcb62c043d477c052ba7539ca
  MLKitImageLabelingCommon: fbe695a04fb236555e6b7e69e7def153a04324c1
  MLKitObjectDetectionCommon: 6abf300c61cd781ee3abc8abea8a3f8baca886dc
  MLKitVision: 26da299aef93291f24f5200e8372919f73abf3b5
  MLKitVisionKit: 226bac429eda1d84285409e31ce9da72606850fb
  nanopb: a0ba3315591a9ae0a16a309ee504766e90db0c96
  PromisesObjC: 68159ce6952d93e17b2dfe273b8c40907db5ba58
  Protobuf: 235750e4696ff59fb07d949a9dbbc92b3c0700fe
  PryntTrimmerView: 6a43cc90df5d99addeabd33d4ba09b1365322130
  RSKImageCropper: 1ac71e9a82e3f41eea3eedfff8eacb0d3821c9ec
  RxBlocking: 04b5fd28bb5ea49f7d64b80db8bbfe50d9cc1c7d
  RxCocoa: 94f817b71c07517321eb4f9ad299112ca8af743b
  RxDataSources: aa47cc1ed6c500fa0dfecac5c979b723542d79cf
  RxRelay: 1de1523e604c72b6c68feadedd1af3b1b4d0ecbd
  RxSwift: 5710a9e6b17f3c3d6e40d6e559b9fa1e813b2ef8
  RxTimelane: 8f7721d7f6368d0bebf6d949cec13c537c609747
  SCLAlertView: 6a77bb2edfc65e04dbe57725546cb4107a506b85
  SkeletonView: 915a80ecc2b6421ab7ac0f0212321c0cc1406472
  SwiftMessages: f0c7ef4705a570ad6c5e208b611f4333e660ed92
  SwiftyJSON: 2f33a42c6fbc52764d96f13368585094bfd8aa5e
  TimelaneCore: 5822c4be9992c7009938babf881561ec03b63acc

PODFILE CHECKSUM: eb8b8310808244fb581a00d35de25b3fa53b2e9a

COCOAPODS: 1.11.2
